# This file is generated by running "yarn install" inside your project.
# Manual changes might be lost - proceed with caution!

__metadata:
  version: 8
  cacheKey: 10c0

"@opentelemetry/api@npm:^1.9.0":
  version: 1.9.1
  resolution: "@opentelemetry/api@npm:1.9.1"
  checksum: 10c0/c608485fc8b5a91e1f7e05e843b45b509307456b31cd2ad365933d90813e40ebfedf179f1451c762037e82d7c76aa8500e95d2da3609f640a1206cde5322cd14
  languageName: node
  linkType: hard

"@opentelemetry/core@npm:1.30.1":
  version: 1.30.1
  resolution: "@opentelemetry/core@npm:1.30.1"
  dependencies:
    "@opentelemetry/semantic-conventions": "npm:1.28.0"
  peerDependencies:
    "@opentelemetry/api": ">=1.0.0 <1.10.0"
  checksum: 10c0/4c25ba50a6137c2ba9ca563fb269378f3c9ca6fd1b3f15dbb6eff78eebf5656f281997cbb7be8e51c01649fd6ad091083fcd8a42dd9b5dfac907dc06d7cfa092
  languageName: node
  linkType: hard

"@opentelemetry/core@npm:2.6.1, @opentelemetry/core@npm:^2.0.1":
  version: 2.6.1
  resolution: "@opentelemetry/core@npm:2.6.1"
  dependencies:
    "@opentelemetry/semantic-conventions": "npm:^1.29.0"
  peerDependencies:
    "@opentelemetry/api": ">=1.0.0 <1.10.0"
  checksum: 10c0/a144749e4fc4b8aa56a67310136ae37ba446cdd84a5286d76b441206e80362d5059e496b11373909d5ada8be32cfb00fcebc5a90401b29a08a3ce34c9caacbdd
  languageName: node
  linkType: hard

"@opentelemetry/resources@npm:1.30.1":
  version: 1.30.1
  resolution: "@opentelemetry/resources@npm:1.30.1"
  dependencies:
    "@opentelemetry/core": "npm:1.30.1"
    "@opentelemetry/semantic-conventions": "npm:1.28.0"
  peerDependencies:
    "@opentelemetry/api": ">=1.0.0 <1.10.0"
  checksum: 10c0/688e73258283c80662bfa9a858aaf73bf3b832a18d96e546d0dddfa6dcec556cdfa087a1d0df643435293406009e4122d7fb7eeea69aa87b539d3bab756fba74
  languageName: node
  linkType: hard

"@opentelemetry/resources@npm:2.6.1":
  version: 2.6.1
  resolution: "@opentelemetry/resources@npm:2.6.1"
  dependencies:
    "@opentelemetry/core": "npm:2.6.1"
    "@opentelemetry/semantic-conventions": "npm:^1.29.0"
  peerDependencies:
    "@opentelemetry/api": ">=1.3.0 <1.10.0"
  checksum: 10c0/d9376881bb9dad39ed08ede591bbdbe02b79eb5ac6608b7245ebee3ec03043d33ee29bad649db4dafc61a442bbf5ad9e73cd03cbc7645ea016999b7b13aab052
  languageName: node
  linkType: hard

"@opentelemetry/sdk-trace-base@npm:^1.29.0":
  version: 1.30.1
  resolution: "@opentelemetry/sdk-trace-base@npm:1.30.1"
  dependencies:
    "@opentelemetry/core": "npm:1.30.1"
    "@opentelemetry/resources": "npm:1.30.1"
    "@opentelemetry/semantic-conventions": "npm:1.28.0"
  peerDependencies:
    "@opentelemetry/api": ">=1.0.0 <1.10.0"
  checksum: 10c0/77019dc3efaeceb41b4c54dd83b92f0ccd81ecceca544cbbe8e0aee4b2c8727724bdb9dcecfe00622c16d60946ae4beb69a5c0e7d85c4bc7ef425bd84f8b970c
  languageName: node
  linkType: hard

"@opentelemetry/sdk-trace-base@npm:^2.0.1":
  version: 2.6.1
  resolution: "@opentelemetry/sdk-trace-base@npm:2.6.1"
  dependencies:
    "@opentelemetry/core": "npm:2.6.1"
    "@opentelemetry/resources": "npm:2.6.1"
    "@opentelemetry/semantic-conventions": "npm:^1.29.0"
  peerDependencies:
    "@opentelemetry/api": ">=1.3.0 <1.10.0"
  checksum: 10c0/4fd723d0b77cb182d8dbbaea0d7f7276756a9c6b3a1fc919417e5cb3732cc77e55703b0231d8445e7370dbf3e66006abacba93e1e79bfac0fcb987ca0cc9fc65
  languageName: node
  linkType: hard

"@opentelemetry/semantic-conventions@npm:1.28.0":
  version: 1.28.0
  resolution: "@opentelemetry/semantic-conventions@npm:1.28.0"
  checksum: 10c0/deb8a0f744198071e70fea27143cf7c9f7ecb7e4d7b619488c917834ea09b31543c1c2bcea4ec5f3cf68797f0ef3549609c14e859013d9376400ac1499c2b9cb
  languageName: node
  linkType: hard

"@opentelemetry/semantic-conventions@npm:^1.29.0":
  version: 1.40.0
  resolution: "@opentelemetry/semantic-conventions@npm:1.40.0"
  checksum: 10c0/3259de0ea11b52eb70e44c12eba21448392baf9cb74c37b62071c4a5ed7fb89b61e194f3898d40ac6bfa7293617a0e132876cb6e355472b66de0cdb13c50b529
  languageName: node
  linkType: hard

"@opentelemetry/semantic-conventions@npm:^1.40.0":
  version: 1.40.0
  resolution: "@opentelemetry/semantic-conventions@npm:1.40.0"
  checksum: 10c0/3259de0ea11b52eb70e44c12eba21448392baf9cb74c37b62071c4a5ed7fb89b61e194f3898d40ac6bfa7293617a0e132876cb6e355472b66de0cdb13c50b529
  languageName: node
  linkType: hard

"@respan/instrumentation-vercel@workspace:.":
  version: 0.0.0-use.local
  resolution: "@respan/instrumentation-vercel@workspace:."
  dependencies:
    "@opentelemetry/api": "npm:^1.9.0"
    "@opentelemetry/sdk-trace-base": "npm:^1.29.0"
    "@opentelemetry/semantic-conventions": "npm:^1.40.0"
    "@respan/respan-sdk": "npm:^1.0.0"
    "@traceloop/ai-semantic-conventions": "npm:^0.13.0"
    "@types/node": "npm:^22.15.29"
    typescript: "npm:^5.7.3"
  languageName: unknown
  linkType: soft

"@traceloop/ai-semantic-conventions@npm:^0.13.0":
  version: 0.13.0
  resolution: "@traceloop/ai-semantic-conventions@npm:0.13.0"
  dependencies:
    "@opentelemetry/api": "npm:^1.9.0"
  checksum: 10c0/f5d20dabb3b7be5cf539550727e67c90ebe317a910a846cee26d1ba87f2c4ffcccff1aca395b5f5c815cfa72d2a4fa7943341d487f972deb04a5039e43e1aea3
  languageName: node
  linkType: hard

"@respan/respan-sdk@npm:^1.0.0":
  version: 1.1.6
  resolution: "@respan/respan-sdk@npm:1.1.6"
  dependencies:
    "@opentelemetry/api": "npm:^1.9.0"
    "@opentelemetry/core": "npm:^2.0.1"
    "@opentelemetry/sdk-trace-base": "npm:^2.0.1"
    typescript: "npm:^5.8.3"
    zod: "npm:^4.1.12"
  checksum: 10c0/33957299c92d436277263631caaf7828d12353451c129a8416b93eaae0301cbff20dab8996f83b33db1f26f3f3103eeaabbe975319eb44fcd73cba2e60985a99
  languageName: node
  linkType: hard

"@types/node@npm:^22.15.29":
  version: 22.19.15
  resolution: "@types/node@npm:22.19.15"
  dependencies:
    undici-types: "npm:~6.21.0"
  checksum: 10c0/f17eaf3d0d1da5e93ad9e287efb78201f8a5282973c004c5f70d91675c5c6b926a23acaa7b158a42b3d7e27e36b349d65a531710c91c308fca53dd7fa280ef98
  languageName: node
  linkType: hard

"typescript@npm:^5.7.3, typescript@npm:^5.8.3":
  version: 5.9.3
  resolution: "typescript@npm:5.9.3"
  bin:
    tsc: bin/tsc
    tsserver: bin/tsserver
  checksum: 10c0/6bd7552ce39f97e711db5aa048f6f9995b53f1c52f7d8667c1abdc1700c68a76a308f579cd309ce6b53646deb4e9a1be7c813a93baaf0a28ccd536a30270e1c5
  languageName: node
  linkType: hard

"typescript@patch:typescript@npm%3A^5.7.3#optional!builtin<compat/typescript>, typescript@patch:typescript@npm%3A^5.8.3#optional!builtin<compat/typescript>":
  version: 5.9.3
  resolution: "typescript@patch:typescript@npm%3A5.9.3#optional!builtin<compat/typescript>::version=5.9.3&hash=5786d5"
  bin:
    tsc: bin/tsc
    tsserver: bin/tsserver
  checksum: 10c0/ad09fdf7a756814dce65bc60c1657b40d44451346858eea230e10f2e95a289d9183b6e32e5c11e95acc0ccc214b4f36289dcad4bf1886b0adb84d711d336a430
  languageName: node
  linkType: hard

"undici-types@npm:~6.21.0":
  version: 6.21.0
  resolution: "undici-types@npm:6.21.0"
  checksum: 10c0/c01ed51829b10aa72fc3ce64b747f8e74ae9b60eafa19a7b46ef624403508a54c526ffab06a14a26b3120d055e1104d7abe7c9017e83ced038ea5cf52f8d5e04
  languageName: node
  linkType: hard

"zod@npm:^4.1.12":
  version: 4.3.6
  resolution: "zod@npm:4.3.6"
  checksum: 10c0/860d25a81ab41d33aa25f8d0d07b091a04acb426e605f396227a796e9e800c44723ed96d0f53a512b57be3d1520f45bf69c0cb3b378a232a00787a2609625307
  languageName: node
  linkType: hard
